
Microsoft Visual Studio Solution File, Format Version 12.00
# Visual Studio Version 16
VisualStudioVersion = 16.0.31424.327
MinimumVisualStudioVersion = 10.0.40219.1
Project("{FAE04EC0-301F-11D3-BF4B-00C04F79EFBC}") = "ChainOfResponsibility", "ChainOfResponsibility\ChainOfResponsibility.csproj", "{C55A2ED0-A061-4E2E-873C-CE57A89B425A}"
EndProject
Global
	GlobalSection(SolutionConfigurationPlatforms) = preSolution
		Debug|Any CPU = Debug|Any CPU
		Release|Any CPU = Release|Any CPU
	EndGlobalSection
	GlobalSection(ProjectConfigurationPlatforms) = postSolution
		{C55A2ED0-A061-4E2E-873C-CE57A89B425A}.Debug|Any CPU.ActiveCfg = Debug|Any CPU
		{C55A2ED0-A061-4E2E-873C-CE57A89B425A}.Debug|Any CPU.Build.0 = Debug|Any CPU
		{C55A2ED0-A061-4E2E-873C-CE57A89B425A}.Release|Any CPU.ActiveCfg = Release|Any CPU
		{C55A2ED0-A061-4E2E-873C-CE57A89B425A}.Release|Any CPU.Build.0 = Release|Any CPU
	EndGlobalSection
	GlobalSection(SolutionProperties) = preSolution
		HideSolutionNode = FALSE
	EndGlobalSection
	GlobalSection(ExtensibilityGlobals) = postSolution
		SolutionGuid = {23859EE4-B5F5-471B-8F34-D587B3C281DC}
	EndGlobalSection
EndGlobal
