
Microsoft Visual Studio Solution File, Format Version 12.00
# Visual Studio Version 16
VisualStudioVersion = 16.0.31424.327
MinimumVisualStudioVersion = 10.0.40219.1
Project("{FAE04EC0-301F-11D3-BF4B-00C04F79EFBC}") = "Composite", "Composite\Composite.csproj", "{CE445F75-F0DD-42C9-AE2C-799D19899136}"
EndProject
Global
	GlobalSection(SolutionConfigurationPlatforms) = preSolution
		Debug|Any CPU = Debug|Any CPU
		Release|Any CPU = Release|Any CPU
	EndGlobalSection
	GlobalSection(ProjectConfigurationPlatforms) = postSolution
		{CE445F75-F0DD-42C9-AE2C-799D19899136}.Debug|Any CPU.ActiveCfg = Debug|Any CPU
		{CE445F75-F0DD-42C9-AE2C-799D19899136}.Debug|Any CPU.Build.0 = Debug|Any CPU
		{CE445F75-F0DD-42C9-AE2C-799D19899136}.Release|Any CPU.ActiveCfg = Release|Any CPU
		{CE445F75-F0DD-42C9-AE2C-799D19899136}.Release|Any CPU.Build.0 = Release|Any CPU
	EndGlobalSection
	GlobalSection(SolutionProperties) = preSolution
		HideSolutionNode = FALSE
	EndGlobalSection
	GlobalSection(ExtensibilityGlobals) = postSolution
		SolutionGuid = {E7A16ED5-D609-4BF0-B6F4-1F68F4F43287}
	EndGlobalSection
EndGlobal
