
Microsoft Visual Studio Solution File, Format Version 12.00
# Visual Studio Version 16
VisualStudioVersion = 16.0.31424.327
MinimumVisualStudioVersion = 10.0.40219.1
Project("{FAE04EC0-301F-11D3-BF4B-00C04F79EFBC}") = "Adapter", "Adapter\Adapter.csproj", "{62307E5E-0400-4B3C-B34D-0B19EE6FF87B}"
EndProject
Global
	GlobalSection(SolutionConfigurationPlatforms) = preSolution
		Debug|Any CPU = Debug|Any CPU
		Release|Any CPU = Release|Any CPU
	EndGlobalSection
	GlobalSection(ProjectConfigurationPlatforms) = postSolution
		{62307E5E-0400-4B3C-B34D-0B19EE6FF87B}.Debug|Any CPU.ActiveCfg = Debug|Any CPU
		{62307E5E-0400-4B3C-B34D-0B19EE6FF87B}.Debug|Any CPU.Build.0 = Debug|Any CPU
		{62307E5E-0400-4B3C-B34D-0B19EE6FF87B}.Release|Any CPU.ActiveCfg = Release|Any CPU
		{62307E5E-0400-4B3C-B34D-0B19EE6FF87B}.Release|Any CPU.Build.0 = Release|Any CPU
	EndGlobalSection
	GlobalSection(SolutionProperties) = preSolution
		HideSolutionNode = FALSE
	EndGlobalSection
	GlobalSection(ExtensibilityGlobals) = postSolution
		SolutionGuid = {B6AE786D-EADD-4DB3-B4B9-B509EFA45156}
	EndGlobalSection
EndGlobal
