
Microsoft Visual Studio Solution File, Format Version 12.00
# Visual Studio Version 16
VisualStudioVersion = 16.0.31424.327
MinimumVisualStudioVersion = 10.0.40219.1
Project("{FAE04EC0-301F-11D3-BF4B-00C04F79EFBC}") = "Visitor", "Visitor\Visitor.csproj", "{0ED177CB-70A8-450F-B02D-AC5D5A92EB92}"
EndProject
Global
	GlobalSection(SolutionConfigurationPlatforms) = preSolution
		Debug|Any CPU = Debug|Any CPU
		Release|Any CPU = Release|Any CPU
	EndGlobalSection
	GlobalSection(ProjectConfigurationPlatforms) = postSolution
		{0ED177CB-70A8-450F-B02D-AC5D5A92EB92}.Debug|Any CPU.ActiveCfg = Debug|Any CPU
		{0ED177CB-70A8-450F-B02D-AC5D5A92EB92}.Debug|Any CPU.Build.0 = Debug|Any CPU
		{0ED177CB-70A8-450F-B02D-AC5D5A92EB92}.Release|Any CPU.ActiveCfg = Release|Any CPU
		{0ED177CB-70A8-450F-B02D-AC5D5A92EB92}.Release|Any CPU.Build.0 = Release|Any CPU
	EndGlobalSection
	GlobalSection(SolutionProperties) = preSolution
		HideSolutionNode = FALSE
	EndGlobalSection
	GlobalSection(ExtensibilityGlobals) = postSolution
		SolutionGuid = {B677F30C-7430-478F-A4D3-555F2D29EA29}
	EndGlobalSection
EndGlobal
